
Microsoft Visual Studio Solution File, Format Version 12.00
# Visual Studio Version 17
VisualStudioVersion = 17.11.35208.52
MinimumVisualStudioVersion = 10.0.40219.1
Project("{FAE04EC0-301F-11D3-BF4B-00C04F79EFBC}") = "WCS_PG.Services", "WCS_PG.Services\WCS_PG.Services.csproj", "{37803D67-1AC8-41F5-997D-324AF2FC6586}"
EndProject
Project("{FAE04EC0-301F-11D3-BF4B-00C04F79EFBC}") = "WCS_PG.Data", "WCS_PG.Data\WCS_PG.Data.csproj", "{E407BE2E-AC65-4884-99F9-E23F575D1335}"
EndProject
Global
	GlobalSection(SolutionConfigurationPlatforms) = preSolution
		Debug|Any CPU = Debug|Any CPU
		Release|Any CPU = Release|Any CPU
	EndGlobalSection
	GlobalSection(ProjectConfigurationPlatforms) = postSolution
		{37803D67-1AC8-41F5-997D-324AF2FC6586}.Debug|Any CPU.ActiveCfg = Debug|Any CPU
		{37803D67-1AC8-41F5-997D-324AF2FC6586}.Debug|Any CPU.Build.0 = Debug|Any CPU
		{37803D67-1AC8-41F5-997D-324AF2FC6586}.Release|Any CPU.ActiveCfg = Release|Any CPU
		{37803D67-1AC8-41F5-997D-324AF2FC6586}.Release|Any CPU.Build.0 = Release|Any CPU
		{E407BE2E-AC65-4884-99F9-E23F575D1335}.Debug|Any CPU.ActiveCfg = Debug|Any CPU
		{E407BE2E-AC65-4884-99F9-E23F575D1335}.Debug|Any CPU.Build.0 = Debug|Any CPU
		{E407BE2E-AC65-4884-99F9-E23F575D1335}.Release|Any CPU.ActiveCfg = Release|Any CPU
		{E407BE2E-AC65-4884-99F9-E23F575D1335}.Release|Any CPU.Build.0 = Release|Any CPU
	EndGlobalSection
	GlobalSection(SolutionProperties) = preSolution
		HideSolutionNode = FALSE
	EndGlobalSection
	GlobalSection(ExtensibilityGlobals) = postSolution
		SolutionGuid = {6B7494D9-0CFD-4262-91D8-6E63E141ADF4}
	EndGlobalSection
EndGlobal
